// !$*UTF8*$!
{
	archiveVersion = 1;
	classes = {
	};
	objectVersion = 55;
	objects = {

/* Begin PBXBuildFile section */
		EC0E8544288826ED00D6ED68 /* Tests_iOS.swift in Sources */ = {isa = PBXBuildFile; fileRef = EC0E8543288826ED00D6ED68 /* Tests_iOS.swift */; };
		EC0E8546288826ED00D6ED68 /* Tests_iOSLaunchTests.swift in Sources */ = {isa = PBXBuildFile; fileRef = EC0E8545288826ED00D6ED68 /* Tests_iOSLaunchTests.swift */; };
		EC0E8550288826ED00D6ED68 /* Tests_macOS.swift in Sources */ = {isa = PBXBuildFile; fileRef = EC0E854F288826ED00D6ED68 /* Tests_macOS.swift */; };
		EC0E8552288826ED00D6ED68 /* Tests_macOSLaunchTests.swift in Sources */ = {isa = PBXBuildFile; fileRef = EC0E8551288826ED00D6ED68 /* Tests_macOSLaunchTests.swift */; };
		EC0E8553288826ED00D6ED68 /* TextAnimationApp.swift in Sources */ = {isa = PBXBuildFile; fileRef = EC0E852B288826DD00D6ED68 /* TextAnimationApp.swift */; };
		EC0E8554288826ED00D6ED68 /* TextAnimationApp.swift in Sources */ = {isa = PBXBuildFile; fileRef = EC0E852B288826DD00D6ED68 /* TextAnimationApp.swift */; };
		EC0E8555288826ED00D6ED68 /* ContentView.swift in Sources */ = {isa = PBXBuildFile; fileRef = EC0E852C288826DD00D6ED68 /* ContentView.swift */; };
		EC0E8556288826ED00D6ED68 /* ContentView.swift in Sources */ = {isa = PBXBuildFile; fileRef = EC0E852C288826DD00D6ED68 /* ContentView.swift */; };
		EC0E8557288826ED00D6ED68 /* Assets.xcassets in Resources */ = {isa = PBXBuildFile; fileRef = EC0E852D288826ED00D6ED68 /* Assets.xcassets */; };
		EC0E8558288826ED00D6ED68 /* Assets.xcassets in Resources */ = {isa = PBXBuildFile; fileRef = EC0E852D288826ED00D6ED68 /* Assets.xcassets */; };
/* End PBXBuildFile section */

/* Begin PBXContainerItemProxy section */
		EC0E8540288826ED00D6ED68 /* PBXContainerItemProxy */ = {
			isa = PBXContainerItemProxy;
			containerPortal = EC0E8526288826DD00D6ED68 /* Project object */;
			proxyType = 1;
			remoteGlobalIDString = EC0E8531288826ED00D6ED68;
			remoteInfo = "TextAnimation (iOS)";
		};
		EC0E854C288826ED00D6ED68 /* PBXContainerItemProxy */ = {
			isa = PBXContainerItemProxy;
			containerPortal = EC0E8526288826DD00D6ED68 /* Project object */;
			proxyType = 1;
			remoteGlobalIDString = EC0E8537288826ED00D6ED68;
			remoteInfo = "TextAnimation (macOS)";
		};
/* End PBXContainerItemProxy section */

/* Begin PBXFileReference section */
		EC0E852B288826DD00D6ED68 /* TextAnimationApp.swift */ = {isa = PBXFileReference; lastKnownFileType = sourcecode.swift; path = TextAnimationApp.swift; sourceTree = "<group>"; };
		EC0E852C288826DD00D6ED68 /* ContentView.swift */ = {isa = PBXFileReference; lastKnownFileType = sourcecode.swift; path = ContentView.swift; sourceTree = "<group>"; };
		EC0E852D288826ED00D6ED68 /* Assets.xcassets */ = {isa = PBXFileReference; lastKnownFileType = folder.assetcatalog; path = Assets.xcassets; sourceTree = "<group>"; };
		EC0E8532288826ED00D6ED68 /* TextAnimation.app */ = {isa = PBXFileReference; explicitFileType = wrapper.application; includeInIndex = 0; path = TextAnimation.app; sourceTree = BUILT_PRODUCTS_DIR; };
		EC0E8538288826ED00D6ED68 /* TextAnimation.app */ = {isa = PBXFileReference; explicitFileType = wrapper.application; includeInIndex = 0; path = TextAnimation.app; sourceTree = BUILT_PRODUCTS_DIR; };
		EC0E853A288826ED00D6ED68 /* macOS.entitlements */ = {isa = PBXFileReference; lastKnownFileType = text.plist.entitlements; path = macOS.entitlements; sourceTree = "<group>"; };
		EC0E853F288826ED00D6ED68 /* Tests iOS.xctest */ = {isa = PBXFileReference; explicitFileType = wrapper.cfbundle; includeInIndex = 0; path = "Tests iOS.xctest"; sourceTree = BUILT_PRODUCTS_DIR; };
		EC0E8543288826ED00D6ED68 /* Tests_iOS.swift */ = {isa = PBXFileReference; lastKnownFileType = sourcecode.swift; path = Tests_iOS.swift; sourceTree = "<group>"; };
		EC0E8545288826ED00D6ED68 /* Tests_iOSLaunchTests.swift */ = {isa = PBXFileReference; lastKnownFileType = sourcecode.swift; path = Tests_iOSLaunchTests.swift; sourceTree = "<group>"; };
		EC0E854B288826ED00D6ED68 /* Tests macOS.xctest */ = {isa = PBXFileReference; explicitFileType = wrapper.cfbundle; includeInIndex = 0; path = "Tests macOS.xctest"; sourceTree = BUILT_PRODUCTS_DIR; };
		EC0E854F288826ED00D6ED68 /* Tests_macOS.swift */ = {isa = PBXFileReference; lastKnownFileType = sourcecode.swift; path = Tests_macOS.swift; sourceTree = "<group>"; };
		EC0E8551288826ED00D6ED68 /* Tests_macOSLaunchTests.swift */ = {isa = PBXFileReference; lastKnownFileType = sourcecode.swift; path = Tests_macOSLaunchTests.swift; sourceTree = "<group>"; };
/* End PBXFileReference section */

/* Begin PBXFrameworksBuildPhase section */
		EC0E852F288826ED00D6ED68 /* Frameworks */ = {
			isa = PBXFrameworksBuildPhase;
			buildActionMask = 2147483647;
			files = (
			);
			runOnlyForDeploymentPostprocessing = 0;
		};
		EC0E8535288826ED00D6ED68 /* Frameworks */ = {
			isa = PBXFrameworksBuildPhase;
			buildActionMask = 2147483647;
			files = (
			);
			runOnlyForDeploymentPostprocessing = 0;
		};
		EC0E853C288826ED00D6ED68 /* Frameworks */ = {
			isa = PBXFrameworksBuildPhase;
			buildActionMask = 2147483647;
			files = (
			);
			runOnlyForDeploymentPostprocessing = 0;
		};
		EC0E8548288826ED00D6ED68 /* Frameworks */ = {
			isa = PBXFrameworksBuildPhase;
			buildActionMask = 2147483647;
			files = (
			);
			runOnlyForDeploymentPostprocessing = 0;
		};
/* End PBXFrameworksBuildPhase section */

/* Begin PBXGroup section */
		EC0E8525288826DD00D6ED68 = {
			isa = PBXGroup;
			children = (
				EC0E852A288826DD00D6ED68 /* Shared */,
				EC0E8539288826ED00D6ED68 /* macOS */,
				EC0E8542288826ED00D6ED68 /* Tests iOS */,
				EC0E854E288826ED00D6ED68 /* Tests macOS */,
				EC0E8533288826ED00D6ED68 /* Products */,
			);
			sourceTree = "<group>";
		};
		EC0E852A288826DD00D6ED68 /* Shared */ = {
			isa = PBXGroup;
			children = (
				EC0E852B288826DD00D6ED68 /* TextAnimationApp.swift */,
				EC0E852C288826DD00D6ED68 /* ContentView.swift */,
				EC0E852D288826ED00D6ED68 /* Assets.xcassets */,
			);
			path = Shared;
			sourceTree = "<group>";
		};
		EC0E8533288826ED00D6ED68 /* Products */ = {
			isa = PBXGroup;
			children = (
				EC0E8532288826ED00D6ED68 /* TextAnimation.app */,
				EC0E8538288826ED00D6ED68 /* TextAnimation.app */,
				EC0E853F288826ED00D6ED68 /* Tests iOS.xctest */,
				EC0E854B288826ED00D6ED68 /* Tests macOS.xctest */,
			);
			name = Products;
			sourceTree = "<group>";
		};
		EC0E8539288826ED00D6ED68 /* macOS */ = {
			isa = PBXGroup;
			children = (
				EC0E853A288826ED00D6ED68 /* macOS.entitlements */,
			);
			path = macOS;
			sourceTree = "<group>";
		};
		EC0E8542288826ED00D6ED68 /* Tests iOS */ = {
			isa = PBXGroup;
			children = (
				EC0E8543288826ED00D6ED68 /* Tests_iOS.swift */,
				EC0E8545288826ED00D6ED68 /* Tests_iOSLaunchTests.swift */,
			);
			path = "Tests iOS";
			sourceTree = "<group>";
		};
		EC0E854E288826ED00D6ED68 /* Tests macOS */ = {
			isa = PBXGroup;
			children = (
				EC0E854F288826ED00D6ED68 /* Tests_macOS.swift */,
				EC0E8551288826ED00D6ED68 /* Tests_macOSLaunchTests.swift */,
			);
			path = "Tests macOS";
			sourceTree = "<group>";
		};
/* End PBXGroup section */

/* Begin PBXNativeTarget section */
		EC0E8531288826ED00D6ED68 /* TextAnimation (iOS) */ = {
			isa = PBXNativeTarget;
			buildConfigurationList = EC0E855B288826ED00D6ED68 /* Build configuration list for PBXNativeTarget "TextAnimation (iOS)" */;
			buildPhases = (
				EC0E852E288826ED00D6ED68 /* Sources */,
				EC0E852F288826ED00D6ED68 /* Frameworks */,
				EC0E8530288826ED00D6ED68 /* Resources */,
			);
			buildRules = (
			);
			dependencies = (
			);
			name = "TextAnimation (iOS)";
			productName = "TextAnimation (iOS)";
			productReference = EC0E8532288826ED00D6ED68 /* TextAnimation.app */;
			productType = "com.apple.product-type.application";
		};
		EC0E8537288826ED00D6ED68 /* TextAnimation (macOS) */ = {
			isa = PBXNativeTarget;
			buildConfigurationList = EC0E855E288826ED00D6ED68 /* Build configuration list for PBXNativeTarget "TextAnimation (macOS)" */;
			buildPhases = (
				EC0E8534288826ED00D6ED68 /* Sources */,
				EC0E8535288826ED00D6ED68 /* Frameworks */,
				EC0E8536288826ED00D6ED68 /* Resources */,
			);
			buildRules = (
			);
			dependencies = (
			);
			name = "TextAnimation (macOS)";
			productName = "TextAnimation (macOS)";
			productReference = EC0E8538288826ED00D6ED68 /* TextAnimation.app */;
			productType = "com.apple.product-type.application";
		};
		EC0E853E288826ED00D6ED68 /* Tests iOS */ = {
			isa = PBXNativeTarget;
			buildConfigurationList = EC0E8561288826ED00D6ED68 /* Build configuration list for PBXNativeTarget "Tests iOS" */;
			buildPhases = (
				EC0E853B288826ED00D6ED68 /* Sources */,
				EC0E853C288826ED00D6ED68 /* Frameworks */,
				EC0E853D288826ED00D6ED68 /* Resources */,
			);
			buildRules = (
			);
			dependencies = (
				EC0E8541288826ED00D6ED68 /* PBXTargetDependency */,
			);
			name = "Tests iOS";
			productName = "Tests iOS";
			productReference = EC0E853F288826ED00D6ED68 /* Tests iOS.xctest */;
			productType = "com.apple.product-type.bundle.ui-testing";
		};
		EC0E854A288826ED00D6ED68 /* Tests macOS */ = {
			isa = PBXNativeTarget;
			buildConfigurationList = EC0E8564288826ED00D6ED68 /* Build configuration list for PBXNativeTarget "Tests macOS" */;
			buildPhases = (
				EC0E8547288826ED00D6ED68 /* Sources */,
				EC0E8548288826ED00D6ED68 /* Frameworks */,
				EC0E8549288826ED00D6ED68 /* Resources */,
			);
			buildRules = (
			);
			dependencies = (
				EC0E854D288826ED00D6ED68 /* PBXTargetDependency */,
			);
			name = "Tests macOS";
			productName = "Tests macOS";
			productReference = EC0E854B288826ED00D6ED68 /* Tests macOS.xctest */;
			productType = "com.apple.product-type.bundle.ui-testing";
		};
/* End PBXNativeTarget section */

/* Begin PBXProject section */
		EC0E8526288826DD00D6ED68 /* Project object */ = {
			isa = PBXProject;
			attributes = {
				BuildIndependentTargetsInParallel = 1;
				LastSwiftUpdateCheck = 1340;
				LastUpgradeCheck = 1340;
				TargetAttributes = {
					EC0E8531288826ED00D6ED68 = {
						CreatedOnToolsVersion = 13.4.1;
					};
					EC0E8537288826ED00D6ED68 = {
						CreatedOnToolsVersion = 13.4.1;
					};
					EC0E853E288826ED00D6ED68 = {
						CreatedOnToolsVersion = 13.4.1;
						TestTargetID = EC0E8531288826ED00D6ED68;
					};
					EC0E854A288826ED00D6ED68 = {
						CreatedOnToolsVersion = 13.4.1;
						TestTargetID = EC0E8537288826ED00D6ED68;
					};
				};
			};
			buildConfigurationList = EC0E8529288826DD00D6ED68 /* Build configuration list for PBXProject "TextAnimation" */;
			compatibilityVersion = "Xcode 13.0";
			developmentRegion = en;
			hasScannedForEncodings = 0;
			knownRegions = (
				en,
				Base,
			);
			mainGroup = EC0E8525288826DD00D6ED68;
			productRefGroup = EC0E8533288826ED00D6ED68 /* Products */;
			projectDirPath = "";
			projectRoot = "";
			targets = (
				EC0E8531288826ED00D6ED68 /* TextAnimation (iOS) */,
				EC0E8537288826ED00D6ED68 /* TextAnimation (macOS) */,
				EC0E853E288826ED00D6ED68 /* Tests iOS */,
				EC0E854A288826ED00D6ED68 /* Tests macOS */,
			);
		};
/* End PBXProject section */

/* Begin PBXResourcesBuildPhase section */
		EC0E8530288826ED00D6ED68 /* Resources */ = {
			isa = PBXResourcesBuildPhase;
			buildActionMask = 2147483647;
			files = (
				EC0E8557288826ED00D6ED68 /* Assets.xcassets in Resources */,
			);
			runOnlyForDeploymentPostprocessing = 0;
		};
		EC0E8536288826ED00D6ED68 /* Resources */ = {
			isa = PBXResourcesBuildPhase;
			buildActionMask = 2147483647;
			files = (
				EC0E8558288826ED00D6ED68 /* Assets.xcassets in Resources */,
			);
			runOnlyForDeploymentPostprocessing = 0;
		};
		EC0E853D288826ED00D6ED68 /* Resources */ = {
			isa = PBXResourcesBuildPhase;
			buildActionMask = 2147483647;
			files = (
			);
			runOnlyForDeploymentPostprocessing = 0;
		};
		EC0E8549288826ED00D6ED68 /* Resources */ = {
			isa = PBXResourcesBuildPhase;
			buildActionMask = 2147483647;
			files = (
			);
			runOnlyForDeploymentPostprocessing = 0;
		};
/* End PBXResourcesBuildPhase section */

/* Begin PBXSourcesBuildPhase section */
		EC0E852E288826ED00D6ED68 /* Sources */ = {
			isa = PBXSourcesBuildPhase;
			buildActionMask = 2147483647;
			files = (
				EC0E8555288826ED00D6ED68 /* ContentView.swift in Sources */,
				EC0E8553288826ED00D6ED68 /* TextAnimationApp.swift in Sources */,
			);
			runOnlyForDeploymentPostprocessing = 0;
		};
		EC0E8534288826ED00D6ED68 /* Sources */ = {
			isa = PBXSourcesBuildPhase;
			buildActionMask = 2147483647;
			files = (
				EC0E8556288826ED00D6ED68 /* ContentView.swift in Sources */,
				EC0E8554288826ED00D6ED68 /* TextAnimationApp.swift in Sources */,
			);
			runOnlyForDeploymentPostprocessing = 0;
		};
		EC0E853B288826ED00D6ED68 /* Sources */ = {
			isa = PBXSourcesBuildPhase;
			buildActionMask = 2147483647;
			files = (
				EC0E8546288826ED00D6ED68 /* Tests_iOSLaunchTests.swift in Sources */,
				EC0E8544288826ED00D6ED68 /* Tests_iOS.swift in Sources */,
			);
			runOnlyForDeploymentPostprocessing = 0;
		};
		EC0E8547288826ED00D6ED68 /* Sources */ = {
			isa = PBXSourcesBuildPhase;
			buildActionMask = 2147483647;
			files = (
				EC0E8552288826ED00D6ED68 /* Tests_macOSLaunchTests.swift in Sources */,
				EC0E8550288826ED00D6ED68 /* Tests_macOS.swift in Sources */,
			);
			runOnlyForDeploymentPostprocessing = 0;
		};
/* End PBXSourcesBuildPhase section */

/* Begin PBXTargetDependency section */
		EC0E8541288826ED00D6ED68 /* PBXTargetDependency */ = {
			isa = PBXTargetDependency;
			target = EC0E8531288826ED00D6ED68 /* TextAnimation (iOS) */;
			targetProxy = EC0E8540288826ED00D6ED68 /* PBXContainerItemProxy */;
		};
		EC0E854D288826ED00D6ED68 /* PBXTargetDependency */ = {
			isa = PBXTargetDependency;
			target = EC0E8537288826ED00D6ED68 /* TextAnimation (macOS) */;
			targetProxy = EC0E854C288826ED00D6ED68 /* PBXContainerItemProxy */;
		};
/* End PBXTargetDependency section */

/* Begin XCBuildConfiguration section */
		EC0E8559288826ED00D6ED68 /* Debug */ = {
			isa = XCBuildConfiguration;
			buildSettings = {
				ALWAYS_SEARCH_USER_PATHS = NO;
				CLANG_ANALYZER_NONNULL = YES;
				CLANG_ANALYZER_NUMBER_OBJECT_CONVERSION = YES_AGGRESSIVE;
				CLANG_CXX_LANGUAGE_STANDARD = "gnu++17";
				CLANG_ENABLE_MODULES = YES;
				CLANG_ENABLE_OBJC_ARC = YES;
				CLANG_ENABLE_OBJC_WEAK = YES;
				CLANG_WARN_BLOCK_CAPTURE_AUTORELEASING = YES;
				CLANG_WARN_BOOL_CONVERSION = YES;
				CLANG_WARN_COMMA = YES;
				CLANG_WARN_CONSTANT_CONVERSION = YES;
				CLANG_WARN_DEPRECATED_OBJC_IMPLEMENTATIONS = YES;
				CLANG_WARN_DIRECT_OBJC_ISA_USAGE = YES_ERROR;
				CLANG_WARN_DOCUMENTATION_COMMENTS = YES;
				CLANG_WARN_EMPTY_BODY = YES;
				CLANG_WARN_ENUM_CONVERSION = YES;
				CLANG_WARN_INFINITE_RECURSION = YES;
				CLANG_WARN_INT_CONVERSION = YES;
				CLANG_WARN_NON_LITERAL_NULL_CONVERSION = YES;
				CLANG_WARN_OBJC_IMPLICIT_RETAIN_SELF = YES;
				CLANG_WARN_OBJC_LITERAL_CONVERSION = YES;
				CLANG_WARN_OBJC_ROOT_CLASS = YES_ERROR;
				CLANG_WARN_QUOTED_INCLUDE_IN_FRAMEWORK_HEADER = YES;
				CLANG_WARN_RANGE_LOOP_ANALYSIS = YES;
				CLANG_WARN_STRICT_PROTOTYPES = YES;
				CLANG_WARN_SUSPICIOUS_MOVE = YES;
				CLANG_WARN_UNGUARDED_AVAILABILITY = YES_AGGRESSIVE;
				CLANG_WARN_UNREACHABLE_CODE = YES;
				CLANG_WARN__DUPLICATE_METHOD_MATCH = YES;
				COPY_PHASE_STRIP = NO;
				DEBUG_INFORMATION_FORMAT = dwarf;
				ENABLE_STRICT_OBJC_MSGSEND = YES;
				ENABLE_TESTABILITY = YES;
				GCC_C_LANGUAGE_STANDARD = gnu11;
				GCC_DYNAMIC_NO_PIC = NO;
				GCC_NO_COMMON_BLOCKS = YES;
				GCC_OPTIMIZATION_LEVEL = 0;
				GCC_PREPROCESSOR_DEFINITIONS = (
					"DEBUG=1",
					"$(inherited)",
				);
				GCC_WARN_64_TO_32_BIT_CONVERSION = YES;
				GCC_WARN_ABOUT_RETURN_TYPE = YES_ERROR;
				GCC_WARN_UNDECLARED_SELECTOR = YES;
				GCC_WARN_UNINITIALIZED_AUTOS = YES_AGGRESSIVE;
				GCC_WARN_UNUSED_FUNCTION = YES;
				GCC_WARN_UNUSED_VARIABLE = YES;
				MTL_ENABLE_DEBUG_INFO = INCLUDE_SOURCE;
				MTL_FAST_MATH = YES;
				ONLY_ACTIVE_ARCH = YES;
				SWIFT_ACTIVE_COMPILATION_CONDITIONS = DEBUG;
				SWIFT_OPTIMIZATION_LEVEL = "-Onone";
			};
			name = Debug;
		};
		EC0E855A288826ED00D6ED68 /* Release */ = {
			isa = XCBuildConfiguration;
			buildSettings = {
				ALWAYS_SEARCH_USER_PATHS = NO;
				CLANG_ANALYZER_NONNULL = YES;
				CLANG_ANALYZER_NUMBER_OBJECT_CONVERSION = YES_AGGRESSIVE;
				CLANG_CXX_LANGUAGE_STANDARD = "gnu++17";
				CLANG_ENABLE_MODULES = YES;
				CLANG_ENABLE_OBJC_ARC = YES;
				CLANG_ENABLE_OBJC_WEAK = YES;
				CLANG_WARN_BLOCK_CAPTURE_AUTORELEASING = YES;
				CLANG_WARN_BOOL_CONVERSION = YES;
				CLANG_WARN_COMMA = YES;
				CLANG_WARN_CONSTANT_CONVERSION = YES;
				CLANG_WARN_DEPRECATED_OBJC_IMPLEMENTATIONS = YES;
				CLANG_WARN_DIRECT_OBJC_ISA_USAGE = YES_ERROR;
				CLANG_WARN_DOCUMENTATION_COMMENTS = YES;
				CLANG_WARN_EMPTY_BODY = YES;
				CLANG_WARN_ENUM_CONVERSION = YES;
				CLANG_WARN_INFINITE_RECURSION = YES;
				CLANG_WARN_INT_CONVERSION = YES;
				CLANG_WARN_NON_LITERAL_NULL_CONVERSION = YES;
				CLANG_WARN_OBJC_IMPLICIT_RETAIN_SELF = YES;
				CLANG_WARN_OBJC_LITERAL_CONVERSION = YES;
				CLANG_WARN_OBJC_ROOT_CLASS = YES_ERROR;
				CLANG_WARN_QUOTED_INCLUDE_IN_FRAMEWORK_HEADER = YES;
				CLANG_WARN_RANGE_LOOP_ANALYSIS = YES;
				CLANG_WARN_STRICT_PROTOTYPES = YES;
				CLANG_WARN_SUSPICIOUS_MOVE = YES;
				CLANG_WARN_UNGUARDED_AVAILABILITY = YES_AGGRESSIVE;
				CLANG_WARN_UNREACHABLE_CODE = YES;
				CLANG_WARN__DUPLICATE_METHOD_MATCH = YES;
				COPY_PHASE_STRIP = NO;
				DEBUG_INFORMATION_FORMAT = "dwarf-with-dsym";
				ENABLE_NS_ASSERTIONS = NO;
				ENABLE_STRICT_OBJC_MSGSEND = YES;
				GCC_C_LANGUAGE_STANDARD = gnu11;
				GCC_NO_COMMON_BLOCKS = YES;
				GCC_WARN_64_TO_32_BIT_CONVERSION = YES;
				GCC_WARN_ABOUT_RETURN_TYPE = YES_ERROR;
				GCC_WARN_UNDECLARED_SELECTOR = YES;
				GCC_WARN_UNINITIALIZED_AUTOS = YES_AGGRESSIVE;
				GCC_WARN_UNUSED_FUNCTION = YES;
				GCC_WARN_UNUSED_VARIABLE = YES;
				MTL_ENABLE_DEBUG_INFO = NO;
				MTL_FAST_MATH = YES;
				SWIFT_COMPILATION_MODE = wholemodule;
				SWIFT_OPTIMIZATION_LEVEL = "-O";
			};
			name = Release;
		};
		EC0E855C288826ED00D6ED68 /* Debug */ = {
			isa = XCBuildConfiguration;
			buildSettings = {
				ASSETCATALOG_COMPILER_APPICON_NAME = AppIcon;
				ASSETCATALOG_COMPILER_GLOBAL_ACCENT_COLOR_NAME = AccentColor;
				CODE_SIGN_STYLE = Automatic;
				CURRENT_PROJECT_VERSION = 1;
				DEVELOPMENT_TEAM = 8GQ367VR4M;
				ENABLE_PREVIEWS = YES;
				GENERATE_INFOPLIST_FILE = YES;
				INFOPLIST_KEY_UIApplicationSceneManifest_Generation = YES;
				INFOPLIST_KEY_UIApplicationSupportsIndirectInputEvents = YES;
				INFOPLIST_KEY_UILaunchScreen_Generation = YES;
				INFOPLIST_KEY_UISupportedInterfaceOrientations_iPad = "UIInterfaceOrientationPortrait UIInterfaceOrientationPortraitUpsideDown UIInterfaceOrientationLandscapeLeft UIInterfaceOrientationLandscapeRight";
				INFOPLIST_KEY_UISupportedInterfaceOrientations_iPhone = "UIInterfaceOrientationPortrait UIInterfaceOrientationLandscapeLeft UIInterfaceOrientationLandscapeRight";
				IPHONEOS_DEPLOYMENT_TARGET = 15.5;
				LD_RUNPATH_SEARCH_PATHS = (
					"$(inherited)",
					"@executable_path/Frameworks",
				);
				MARKETING_VERSION = 1.0;
				PRODUCT_BUNDLE_IDENTIFIER = "Bryan-Danquah.TextAnimation";
				PRODUCT_NAME = TextAnimation;
				SDKROOT = iphoneos;
				SWIFT_EMIT_LOC_STRINGS = YES;
				SWIFT_VERSION = 5.0;
				TARGETED_DEVICE_FAMILY = "1,2";
			};
			name = Debug;
		};
		EC0E855D288826ED00D6ED68 /* Release */ = {
			isa = XCBuildConfiguration;
			buildSettings = {
				ASSETCATALOG_COMPILER_APPICON_NAME = AppIcon;
				ASSETCATALOG_COMPILER_GLOBAL_ACCENT_COLOR_NAME = AccentColor;
				CODE_SIGN_STYLE = Automatic;
				CURRENT_PROJECT_VERSION = 1;
				DEVELOPMENT_TEAM = 8GQ367VR4M;
				ENABLE_PREVIEWS = YES;
				GENERATE_INFOPLIST_FILE = YES;
				INFOPLIST_KEY_UIApplicationSceneManifest_Generation = YES;
				INFOPLIST_KEY_UIApplicationSupportsIndirectInputEvents = YES;
				INFOPLIST_KEY_UILaunchScreen_Generation = YES;
				INFOPLIST_KEY_UISupportedInterfaceOrientations_iPad = "UIInterfaceOrientationPortrait UIInterfaceOrientationPortraitUpsideDown UIInterfaceOrientationLandscapeLeft UIInterfaceOrientationLandscapeRight";
				INFOPLIST_KEY_UISupportedInterfaceOrientations_iPhone = "UIInterfaceOrientationPortrait UIInterfaceOrientationLandscapeLeft UIInterfaceOrientationLandscapeRight";
				IPHONEOS_DEPLOYMENT_TARGET = 15.5;
				LD_RUNPATH_SEARCH_PATHS = (
					"$(inherited)",
					"@executable_path/Frameworks",
				);
				MARKETING_VERSION = 1.0;
				PRODUCT_BUNDLE_IDENTIFIER = "Bryan-Danquah.TextAnimation";
				PRODUCT_NAME = TextAnimation;
				SDKROOT = iphoneos;
				SWIFT_EMIT_LOC_STRINGS = YES;
				SWIFT_VERSION = 5.0;
				TARGETED_DEVICE_FAMILY = "1,2";
				VALIDATE_PRODUCT = YES;
			};
			name = Release;
		};
		EC0E855F288826ED00D6ED68 /* Debug */ = {
			isa = XCBuildConfiguration;
			buildSettings = {
				ASSETCATALOG_COMPILER_APPICON_NAME = AppIcon;
				ASSETCATALOG_COMPILER_GLOBAL_ACCENT_COLOR_NAME = AccentColor;
				CODE_SIGN_ENTITLEMENTS = macOS/macOS.entitlements;
				CODE_SIGN_STYLE = Automatic;
				COMBINE_HIDPI_IMAGES = YES;
				CURRENT_PROJECT_VERSION = 1;
				DEVELOPMENT_TEAM = 8GQ367VR4M;
				ENABLE_HARDENED_RUNTIME = YES;
				ENABLE_PREVIEWS = YES;
				GENERATE_INFOPLIST_FILE = YES;
				INFOPLIST_KEY_NSHumanReadableCopyright = "";
				LD_RUNPATH_SEARCH_PATHS = (
					"$(inherited)",
					"@executable_path/../Frameworks",
				);
				MACOSX_DEPLOYMENT_TARGET = 12.3;
				MARKETING_VERSION = 1.0;
				PRODUCT_BUNDLE_IDENTIFIER = "Bryan-Danquah.TextAnimation";
				PRODUCT_NAME = TextAnimation;
				SDKROOT = macosx;
				SWIFT_EMIT_LOC_STRINGS = YES;
				SWIFT_VERSION = 5.0;
			};
			name = Debug;
		};
		EC0E8560288826ED00D6ED68 /* Release */ = {
			isa = XCBuildConfiguration;
			buildSettings = {
				ASSETCATALOG_COMPILER_APPICON_NAME = AppIcon;
				ASSETCATALOG_COMPILER_GLOBAL_ACCENT_COLOR_NAME = AccentColor;
				CODE_SIGN_ENTITLEMENTS = macOS/macOS.entitlements;
				CODE_SIGN_STYLE = Automatic;
				COMBINE_HIDPI_IMAGES = YES;
				CURRENT_PROJECT_VERSION = 1;
				DEVELOPMENT_TEAM = 8GQ367VR4M;
				ENABLE_HARDENED_RUNTIME = YES;
				ENABLE_PREVIEWS = YES;
				GENERATE_INFOPLIST_FILE = YES;
				INFOPLIST_KEY_NSHumanReadableCopyright = "";
				LD_RUNPATH_SEARCH_PATHS = (
					"$(inherited)",
					"@executable_path/../Frameworks",
				);
				MACOSX_DEPLOYMENT_TARGET = 12.3;
				MARKETING_VERSION = 1.0;
				PRODUCT_BUNDLE_IDENTIFIER = "Bryan-Danquah.TextAnimation";
				PRODUCT_NAME = TextAnimation;
				SDKROOT = macosx;
				SWIFT_EMIT_LOC_STRINGS = YES;
				SWIFT_VERSION = 5.0;
			};
			name = Release;
		};
		EC0E8562288826ED00D6ED68 /* Debug */ = {
			isa = XCBuildConfiguration;
			buildSettings = {
				ALWAYS_EMBED_SWIFT_STANDARD_LIBRARIES = YES;
				CODE_SIGN_STYLE = Automatic;
				CURRENT_PROJECT_VERSION = 1;
				DEVELOPMENT_TEAM = 8GQ367VR4M;
				GENERATE_INFOPLIST_FILE = YES;
				IPHONEOS_DEPLOYMENT_TARGET = 15.5;
				MARKETING_VERSION = 1.0;
				PRODUCT_BUNDLE_IDENTIFIER = "Bryan-Danquah.Tests-iOS";
				PRODUCT_NAME = "$(TARGET_NAME)";
				SDKROOT = iphoneos;
				SWIFT_EMIT_LOC_STRINGS = NO;
				SWIFT_VERSION = 5.0;
				TARGETED_DEVICE_FAMILY = "1,2";
				TEST_TARGET_NAME = "TextAnimation (iOS)";
			};
			name = Debug;
		};
		EC0E8563288826ED00D6ED68 /* Release */ = {
			isa = XCBuildConfiguration;
			buildSettings = {
				ALWAYS_EMBED_SWIFT_STANDARD_LIBRARIES = YES;
				CODE_SIGN_STYLE = Automatic;
				CURRENT_PROJECT_VERSION = 1;
				DEVELOPMENT_TEAM = 8GQ367VR4M;
				GENERATE_INFOPLIST_FILE = YES;
				IPHONEOS_DEPLOYMENT_TARGET = 15.5;
				MARKETING_VERSION = 1.0;
				PRODUCT_BUNDLE_IDENTIFIER = "Bryan-Danquah.Tests-iOS";
				PRODUCT_NAME = "$(TARGET_NAME)";
				SDKROOT = iphoneos;
				SWIFT_EMIT_LOC_STRINGS = NO;
				SWIFT_VERSION = 5.0;
				TARGETED_DEVICE_FAMILY = "1,2";
				TEST_TARGET_NAME = "TextAnimation (iOS)";
				VALIDATE_PRODUCT = YES;
			};
			name = Release;
		};
		EC0E8565288826ED00D6ED68 /* Debug */ = {
			isa = XCBuildConfiguration;
			buildSettings = {
				ALWAYS_EMBED_SWIFT_STANDARD_LIBRARIES = YES;
				CODE_SIGN_STYLE = Automatic;
				CURRENT_PROJECT_VERSION = 1;
				DEVELOPMENT_TEAM = 8GQ367VR4M;
				GENERATE_INFOPLIST_FILE = YES;
				MACOSX_DEPLOYMENT_TARGET = 12.3;
				MARKETING_VERSION = 1.0;
				PRODUCT_BUNDLE_IDENTIFIER = "Bryan-Danquah.Tests-macOS";
				PRODUCT_NAME = "$(TARGET_NAME)";
				SDKROOT = macosx;
				SWIFT_EMIT_LOC_STRINGS = NO;
				SWIFT_VERSION = 5.0;
				TEST_TARGET_NAME = "TextAnimation (macOS)";
			};
			name = Debug;
		};
		EC0E8566288826ED00D6ED68 /* Release */ = {
			isa = XCBuildConfiguration;
			buildSettings = {
				ALWAYS_EMBED_SWIFT_STANDARD_LIBRARIES = YES;
				CODE_SIGN_STYLE = Automatic;
				CURRENT_PROJECT_VERSION = 1;
				DEVELOPMENT_TEAM = 8GQ367VR4M;
				GENERATE_INFOPLIST_FILE = YES;
				MACOSX_DEPLOYMENT_TARGET = 12.3;
				MARKETING_VERSION = 1.0;
				PRODUCT_BUNDLE_IDENTIFIER = "Bryan-Danquah.Tests-macOS";
				PRODUCT_NAME = "$(TARGET_NAME)";
				SDKROOT = macosx;
				SWIFT_EMIT_LOC_STRINGS = NO;
				SWIFT_VERSION = 5.0;
				TEST_TARGET_NAME = "TextAnimation (macOS)";
			};
			name = Release;
		};
/* End XCBuildConfiguration section */

/* Begin XCConfigurationList section */
		EC0E8529288826DD00D6ED68 /* Build configuration list for PBXProject "TextAnimation" */ = {
			isa = XCConfigurationList;
			buildConfigurations = (
				EC0E8559288826ED00D6ED68 /* Debug */,
				EC0E855A288826ED00D6ED68 /* Release */,
			);
			defaultConfigurationIsVisible = 0;
			defaultConfigurationName = Release;
		};
		EC0E855B288826ED00D6ED68 /* Build configuration list for PBXNativeTarget "TextAnimation (iOS)" */ = {
			isa = XCConfigurationList;
			buildConfigurations = (
				EC0E855C288826ED00D6ED68 /* Debug */,
				EC0E855D288826ED00D6ED68 /* Release */,
			);
			defaultConfigurationIsVisible = 0;
			defaultConfigurationName = Release;
		};
		EC0E855E288826ED00D6ED68 /* Build configuration list for PBXNativeTarget "TextAnimation (macOS)" */ = {
			isa = XCConfigurationList;
			buildConfigurations = (
				EC0E855F288826ED00D6ED68 /* Debug */,
				EC0E8560288826ED00D6ED68 /* Release */,
			);
			defaultConfigurationIsVisible = 0;
			defaultConfigurationName = Release;
		};
		EC0E8561288826ED00D6ED68 /* Build configuration list for PBXNativeTarget "Tests iOS" */ = {
			isa = XCConfigurationList;
			buildConfigurations = (
				EC0E8562288826ED00D6ED68 /* Debug */,
				EC0E8563288826ED00D6ED68 /* Release */,
			);
			defaultConfigurationIsVisible = 0;
			defaultConfigurationName = Release;
		};
		EC0E8564288826ED00D6ED68 /* Build configuration list for PBXNativeTarget "Tests macOS" */ = {
			isa = XCConfigurationList;
			buildConfigurations = (
				EC0E8565288826ED00D6ED68 /* Debug */,
				EC0E8566288826ED00D6ED68 /* Release */,
			);
			defaultConfigurationIsVisible = 0;
			defaultConfigurationName = Release;
		};
/* End XCConfigurationList section */
	};
	rootObject = EC0E8526288826DD00D6ED68 /* Project object */;
}
